
Microsoft Visual Studio Solution File, Format Version 12.00
# Visual Studio Version 16
VisualStudioVersion = 16.0.29215.179
MinimumVisualStudioVersion = 10.0.40219.1
Project("{FAE04EC0-301F-11D3-BF4B-00C04F79EFBC}") = "CommercialSystem", "CommercialSystem\CommercialSystem.csproj", "{528984BA-49F1-4CB3-BA5A-83FE0745A4D5}"
EndProject
Project("{FAE04EC0-301F-11D3-BF4B-00C04F79EFBC}") = "Negocio", "Negocio\Negocio.csproj", "{142EC057-936D-4ACE-ACE1-C07E7F91B354}"
EndProject
Project("{FAE04EC0-301F-11D3-BF4B-00C04F79EFBC}") = "Dominio", "Dominio\Dominio.csproj", "{7618A3C8-7DF0-4363-9846-ED0765E3A45D}"
EndProject
Global
	GlobalSection(SolutionConfigurationPlatforms) = preSolution
		Debug|Any CPU = Debug|Any CPU
		Release|Any CPU = Release|Any CPU
	EndGlobalSection
	GlobalSection(ProjectConfigurationPlatforms) = postSolution
		{528984BA-49F1-4CB3-BA5A-83FE0745A4D5}.Debug|Any CPU.ActiveCfg = Debug|Any CPU
		{528984BA-49F1-4CB3-BA5A-83FE0745A4D5}.Debug|Any CPU.Build.0 = Debug|Any CPU
		{528984BA-49F1-4CB3-BA5A-83FE0745A4D5}.Release|Any CPU.ActiveCfg = Release|Any CPU
		{528984BA-49F1-4CB3-BA5A-83FE0745A4D5}.Release|Any CPU.Build.0 = Release|Any CPU
		{142EC057-936D-4ACE-ACE1-C07E7F91B354}.Debug|Any CPU.ActiveCfg = Debug|Any CPU
		{142EC057-936D-4ACE-ACE1-C07E7F91B354}.Debug|Any CPU.Build.0 = Debug|Any CPU
		{142EC057-936D-4ACE-ACE1-C07E7F91B354}.Release|Any CPU.ActiveCfg = Release|Any CPU
		{142EC057-936D-4ACE-ACE1-C07E7F91B354}.Release|Any CPU.Build.0 = Release|Any CPU
		{7618A3C8-7DF0-4363-9846-ED0765E3A45D}.Debug|Any CPU.ActiveCfg = Debug|Any CPU
		{7618A3C8-7DF0-4363-9846-ED0765E3A45D}.Debug|Any CPU.Build.0 = Debug|Any CPU
		{7618A3C8-7DF0-4363-9846-ED0765E3A45D}.Release|Any CPU.ActiveCfg = Release|Any CPU
		{7618A3C8-7DF0-4363-9846-ED0765E3A45D}.Release|Any CPU.Build.0 = Release|Any CPU
	EndGlobalSection
	GlobalSection(SolutionProperties) = preSolution
		HideSolutionNode = FALSE
	EndGlobalSection
	GlobalSection(ExtensibilityGlobals) = postSolution
		SolutionGuid = {BEEE6AB2-35D4-439B-ACF0-0F600956DAED}
	EndGlobalSection
EndGlobal
